Microsoft Visual Studio Solution File, Format Version 12.00
# Visual Studio Version 17
VisualStudioVersion = 17.0.31903.59
MinimumVisualStudioVersion = 10.0.40219.1
Project("{FAE04EC0-301F-11D3-BF4B-00C04F79EFBC}") = "ObjectSearch.Net", "ObjectSearch.NET\ObjectSearch.Net.csproj", "{17CA5F34-05D3-468E-89F6-7C0F817AAC30}"
EndProject
Project("{FAE04EC0-301F-11D3-BF4B-00C04F79EFBC}") = "ObjectSearch.Net.Tests", "ObjectSearch.Net.Tests\ObjectSearch.Net.Tests.csproj", "{738834D6-DC25-4819-8397-F1E78843D383}"
EndProject
Global
	GlobalSection(SolutionConfigurationPlatforms) = preSolution
		Debug|Any CPU = Debug|Any CPU
		Release|Any CPU = Release|Any CPU
	EndGlobalSection
	GlobalSection(ProjectConfigurationPlatforms) = postSolution
		{17CA5F34-05D3-468E-89F6-7C0F817AAC30}.Debug|Any CPU.ActiveCfg = Debug|Any CPU
		{17CA5F34-05D3-468E-89F6-7C0F817AAC30}.Debug|Any CPU.Build.0 = Debug|Any CPU
		{17CA5F34-05D3-468E-89F6-7C0F817AAC30}.Release|Any CPU.ActiveCfg = Release|Any CPU
		{17CA5F34-05D3-468E-89F6-7C0F817AAC30}.Release|Any CPU.Build.0 = Release|Any CPU
		{738834D6-DC25-4819-8397-F1E78843D383}.Debug|Any CPU.ActiveCfg = Debug|Any CPU
		{738834D6-DC25-4819-8397-F1E78843D383}.Debug|Any CPU.Build.0 = Debug|Any CPU
		{738834D6-DC25-4819-8397-F1E78843D383}.Release|Any CPU.ActiveCfg = Release|Any CPU
		{738834D6-DC25-4819-8397-F1E78843D383}.Release|Any CPU.Build.0 = Release|Any CPU
	EndGlobalSection
	GlobalSection(SolutionProperties) = preSolution
		HideSolutionNode = FALSE
	EndGlobalSection
	GlobalSection(ExtensibilityGlobals) = postSolution
		SolutionGuid = {D6FBACE5-6E09-4F6D-8FBD-D51A7A9A72C1}
	EndGlobalSection
EndGlobal
